// !$*UTF8*$!
{
	archiveVersion = 1;
	classes = {
	};
	objectVersion = 48;
	objects = {

/* Begin PBXBuildFile section */
		443F60E21FF582140025FF70 /* AppDelegate.swift in Sources */ = {isa = PBXBuildFile; fileRef = 443F60E11FF582140025FF70 /* AppDelegate.swift */; };
		443F60E41FF582140025FF70 /* ViewController.swift in Sources */ = {isa = PBXBuildFile; fileRef = 443F60E31FF582140025FF70 /* ViewController.swift */; };
		443F60E71FF582140025FF70 /* Main.storyboard in Resources */ = {isa = PBXBuildFile; fileRef = 443F60E51FF582140025FF70 /* Main.storyboard */; };
		443F60E91FF582140025FF70 /* Assets.xcassets in Resources */ = {isa = PBXBuildFile; fileRef = 443F60E81FF582140025FF70 /* Assets.xcassets */; };
		443F60EC1FF582140025FF70 /* LaunchScreen.storyboard in Resources */ = {isa = PBXBuildFile; fileRef = 443F60EA1FF582140025FF70 /* LaunchScreen.storyboard */; };
		443F60F71FF59DF20025FF70 /* ImageCell.swift in Sources */ = {isa = PBXBuildFile; fileRef = 443F60F61FF59DF20025FF70 /* ImageCell.swift */; };
		443F60F91FF69B8E0025FF70 /* FoodItems.swift in Sources */ = {isa = PBXBuildFile; fileRef = 443F60F81FF69B8E0025FF70 /* FoodItems.swift */; };
		443F60FB1FF69E1F0025FF70 /* GridFlowLayout.swift in Sources */ = {isa = PBXBuildFile; fileRef = 443F60FA1FF69E1F0025FF70 /* GridFlowLayout.swift */; };
		443F60FD1FF6A3A50025FF70 /* MobileNet.mlmodel in Sources */ = {isa = PBXBuildFile; fileRef = 443F60FC1FF6A3A50025FF70 /* MobileNet.mlmodel */; };
/* End PBXBuildFile section */

/* Begin PBXFileReference section */
		443F60DE1FF582140025FF70 /* CoreMLTutorial.app */ = {isa = PBXFileReference; explicitFileType = wrapper.application; includeInIndex = 0; path = CoreMLTutorial.app; sourceTree = BUILT_PRODUCTS_DIR; };
		443F60E11FF582140025FF70 /* AppDelegate.swift */ = {isa = PBXFileReference; lastKnownFileType = sourcecode.swift; path = AppDelegate.swift; sourceTree = "<group>"; };
		443F60E31FF582140025FF70 /* ViewController.swift */ = {isa = PBXFileReference; lastKnownFileType = sourcecode.swift; path = ViewController.swift; sourceTree = "<group>"; };
		443F60E61FF582140025FF70 /* Base */ = {isa = PBXFileReference; lastKnownFileType = file.storyboard; name = Base; path = Base.lproj/Main.storyboard; sourceTree = "<group>"; };
		443F60E81FF582140025FF70 /* Assets.xcassets */ = {isa = PBXFileReference; lastKnownFileType = folder.assetcatalog; path = Assets.xcassets; sourceTree = "<group>"; };
		443F60EB1FF582140025FF70 /* Base */ = {isa = PBXFileReference; lastKnownFileType = file.storyboard; name = Base; path = Base.lproj/LaunchScreen.storyboard; sourceTree = "<group>"; };
		443F60ED1FF582140025FF70 /* Info.plist */ = {isa = PBXFileReference; lastKnownFileType = text.plist.xml; path = Info.plist; sourceTree = "<group>"; };
		443F60F61FF59DF20025FF70 /* ImageCell.swift */ = {isa = PBXFileReference; lastKnownFileType = sourcecode.swift; path = ImageCell.swift; sourceTree = "<group>"; };
		443F60F81FF69B8E0025FF70 /* FoodItems.swift */ = {isa = PBXFileReference; lastKnownFileType = sourcecode.swift; path = FoodItems.swift; sourceTree = "<group>"; };
		443F60FA1FF69E1F0025FF70 /* GridFlowLayout.swift */ = {isa = PBXFileReference; lastKnownFileType = sourcecode.swift; path = GridFlowLayout.swift; sourceTree = "<group>"; };
		443F60FC1FF6A3A50025FF70 /* MobileNet.mlmodel */ = {isa = PBXFileReference; lastKnownFileType = file.mlmodel; path = MobileNet.mlmodel; sourceTree = "<group>"; };
/* End PBXFileReference section */

/* Begin PBXFrameworksBuildPhase section */
		443F60DB1FF582140025FF70 /* Frameworks */ = {
			isa = PBXFrameworksBuildPhase;
			buildActionMask = 2147483647;
			files = (
			);
			runOnlyForDeploymentPostprocessing = 0;
		};
/* End PBXFrameworksBuildPhase section */

/* Begin PBXGroup section */
		443F60D51FF582140025FF70 = {
			isa = PBXGroup;
			children = (
				443F60E01FF582140025FF70 /* CoreMLTutorial */,
				443F60DF1FF582140025FF70 /* Products */,
			);
			sourceTree = "<group>";
		};
		443F60DF1FF582140025FF70 /* Products */ = {
			isa = PBXGroup;
			children = (
				443F60DE1FF582140025FF70 /* CoreMLTutorial.app */,
			);
			name = Products;
			sourceTree = "<group>";
		};
		443F60E01FF582140025FF70 /* CoreMLTutorial */ = {
			isa = PBXGroup;
			children = (
				443F60F51FF582520025FF70 /* Resources */,
				443F60F41FF5824B0025FF70 /* View */,
				443F60F31FF582330025FF70 /* Controller */,
				443F60E11FF582140025FF70 /* AppDelegate.swift */,
				443F60E51FF582140025FF70 /* Main.storyboard */,
				443F60E81FF582140025FF70 /* Assets.xcassets */,
				443F60EA1FF582140025FF70 /* LaunchScreen.storyboard */,
				443F60ED1FF582140025FF70 /* Info.plist */,
			);
			path = CoreMLTutorial;
			sourceTree = "<group>";
		};
		443F60F31FF582330025FF70 /* Controller */ = {
			isa = PBXGroup;
			children = (
				443F60E31FF582140025FF70 /* ViewController.swift */,
			);
			path = Controller;
			sourceTree = "<group>";
		};
		443F60F41FF5824B0025FF70 /* View */ = {
			isa = PBXGroup;
			children = (
				443F60F61FF59DF20025FF70 /* ImageCell.swift */,
				443F60FA1FF69E1F0025FF70 /* GridFlowLayout.swift */,
			);
			path = View;
			sourceTree = "<group>";
		};
		443F60F51FF582520025FF70 /* Resources */ = {
			isa = PBXGroup;
			children = (
				443F60FC1FF6A3A50025FF70 /* MobileNet.mlmodel */,
				443F60F81FF69B8E0025FF70 /* FoodItems.swift */,
			);
			path = Resources;
			sourceTree = "<group>";
		};
/* End PBXGroup section */

/* Begin PBXNativeTarget section */
		443F60DD1FF582140025FF70 /* CoreMLTutorial */ = {
			isa = PBXNativeTarget;
			buildConfigurationList = 443F60F01FF582140025FF70 /* Build configuration list for PBXNativeTarget "CoreMLTutorial" */;
			buildPhases = (
				443F60DA1FF582140025FF70 /* Sources */,
				443F60DB1FF582140025FF70 /* Frameworks */,
				443F60DC1FF582140025FF70 /* Resources */,
			);
			buildRules = (
			);
			dependencies = (
			);
			name = CoreMLTutorial;
			productName = CoreML;
			productReference = 443F60DE1FF582140025FF70 /* CoreMLTutorial.app */;
			productType = "com.apple.product-type.application";
		};
/* End PBXNativeTarget section */

/* Begin PBXProject section */
		443F60D61FF582140025FF70 /* Project object */ = {
			isa = PBXProject;
			attributes = {
				LastSwiftUpdateCheck = 0920;
				LastUpgradeCheck = 0920;
				ORGANIZATIONNAME = Eugene;
				TargetAttributes = {
					443F60DD1FF582140025FF70 = {
						CreatedOnToolsVersion = 9.2;
						ProvisioningStyle = Automatic;
					};
				};
			};
			buildConfigurationList = 443F60D91FF582140025FF70 /* Build configuration list for PBXProject "CoreMLTutorial" */;
			compatibilityVersion = "Xcode 8.0";
			developmentRegion = en;
			hasScannedForEncodings = 0;
			knownRegions = (
				en,
				Base,
			);
			mainGroup = 443F60D51FF582140025FF70;
			productRefGroup = 443F60DF1FF582140025FF70 /* Products */;
			projectDirPath = "";
			projectRoot = "";
			targets = (
				443F60DD1FF582140025FF70 /* CoreMLTutorial */,
			);
		};
/* End PBXProject section */

/* Begin PBXResourcesBuildPhase section */
		443F60DC1FF582140025FF70 /* Resources */ = {
			isa = PBXResourcesBuildPhase;
			buildActionMask = 2147483647;
			files = (
				443F60EC1FF582140025FF70 /* LaunchScreen.storyboard in Resources */,
				443F60E91FF582140025FF70 /* Assets.xcassets in Resources */,
				443F60E71FF582140025FF70 /* Main.storyboard in Resources */,
			);
			runOnlyForDeploymentPostprocessing = 0;
		};
/* End PBXResourcesBuildPhase section */

/* Begin PBXSourcesBuildPhase section */
		443F60DA1FF582140025FF70 /* Sources */ = {
			isa = PBXSourcesBuildPhase;
			buildActionMask = 2147483647;
			files = (
				443F60F91FF69B8E0025FF70 /* FoodItems.swift in Sources */,
				443F60F71FF59DF20025FF70 /* ImageCell.swift in Sources */,
				443F60FD1FF6A3A50025FF70 /* MobileNet.mlmodel in Sources */,
				443F60FB1FF69E1F0025FF70 /* GridFlowLayout.swift in Sources */,
				443F60E41FF582140025FF70 /* ViewController.swift in Sources */,
				443F60E21FF582140025FF70 /* AppDelegate.swift in Sources */,
			);
			runOnlyForDeploymentPostprocessing = 0;
		};
/* End PBXSourcesBuildPhase section */

/* Begin PBXVariantGroup section */
		443F60E51FF582140025FF70 /* Main.storyboard */ = {
			isa = PBXVariantGroup;
			children = (
				443F60E61FF582140025FF70 /* Base */,
			);
			name = Main.storyboard;
			sourceTree = "<group>";
		};
		443F60EA1FF582140025FF70 /* LaunchScreen.storyboard */ = {
			isa = PBXVariantGroup;
			children = (
				443F60EB1FF582140025FF70 /* Base */,
			);
			name = LaunchScreen.storyboard;
			sourceTree = "<group>";
		};
/* End PBXVariantGroup section */

/* Begin XCBuildConfiguration section */
		443F60EE1FF582140025FF70 /* Debug */ = {
			isa = XCBuildConfiguration;
			buildSettings = {
				ALWAYS_SEARCH_USER_PATHS = NO;
				CLANG_ANALYZER_NONNULL = YES;
				CLANG_ANALYZER_NUMBER_OBJECT_CONVERSION = YES_AGGRESSIVE;
				CLANG_CXX_LANGUAGE_STANDARD = "gnu++14";
				CLANG_CXX_LIBRARY = "libc++";
				CLANG_ENABLE_MODULES = YES;
				CLANG_ENABLE_OBJC_ARC = YES;
				CLANG_WARN_BLOCK_CAPTURE_AUTORELEASING = YES;
				CLANG_WARN_BOOL_CONVERSION = YES;
				CLANG_WARN_COMMA = YES;
				CLANG_WARN_CONSTANT_CONVERSION = YES;
				CLANG_WARN_DIRECT_OBJC_ISA_USAGE = YES_ERROR;
				CLANG_WARN_DOCUMENTATION_COMMENTS = YES;
				CLANG_WARN_EMPTY_BODY = YES;
				CLANG_WARN_ENUM_CONVERSION = YES;
				CLANG_WARN_INFINITE_RECURSION = YES;
				CLANG_WARN_INT_CONVERSION = YES;
				CLANG_WARN_NON_LITERAL_NULL_CONVERSION = YES;
				CLANG_WARN_OBJC_LITERAL_CONVERSION = YES;
				CLANG_WARN_OBJC_ROOT_CLASS = YES_ERROR;
				CLANG_WARN_RANGE_LOOP_ANALYSIS = YES;
				CLANG_WARN_STRICT_PROTOTYPES = YES;
				CLANG_WARN_SUSPICIOUS_MOVE = YES;
				CLANG_WARN_UNGUARDED_AVAILABILITY = YES_AGGRESSIVE;
				CLANG_WARN_UNREACHABLE_CODE = YES;
				CLANG_WARN__DUPLICATE_METHOD_MATCH = YES;
				CODE_SIGN_IDENTITY = "iPhone Developer";
				COPY_PHASE_STRIP = NO;
				DEBUG_INFORMATION_FORMAT = dwarf;
				ENABLE_STRICT_OBJC_MSGSEND = YES;
				ENABLE_TESTABILITY = YES;
				GCC_C_LANGUAGE_STANDARD = gnu11;
				GCC_DYNAMIC_NO_PIC = NO;
				GCC_NO_COMMON_BLOCKS = YES;
				GCC_OPTIMIZATION_LEVEL = 0;
				GCC_PREPROCESSOR_DEFINITIONS = (
					"DEBUG=1",
					"$(inherited)",
				);
				GCC_WARN_64_TO_32_BIT_CONVERSION = YES;
				GCC_WARN_ABOUT_RETURN_TYPE = YES_ERROR;
				GCC_WARN_UNDECLARED_SELECTOR = YES;
				GCC_WARN_UNINITIALIZED_AUTOS = YES_AGGRESSIVE;
				GCC_WARN_UNUSED_FUNCTION = YES;
				GCC_WARN_UNUSED_VARIABLE = YES;
				IPHONEOS_DEPLOYMENT_TARGET = 11.2;
				MTL_ENABLE_DEBUG_INFO = YES;
				ONLY_ACTIVE_ARCH = YES;
				SDKROOT = iphoneos;
				SWIFT_ACTIVE_COMPILATION_CONDITIONS = DEBUG;
				SWIFT_OPTIMIZATION_LEVEL = "-Onone";
			};
			name = Debug;
		};
		443F60EF1FF582140025FF70 /* Release */ = {
			isa = XCBuildConfiguration;
			buildSettings = {
				ALWAYS_SEARCH_USER_PATHS = NO;
				CLANG_ANALYZER_NONNULL = YES;
				CLANG_ANALYZER_NUMBER_OBJECT_CONVERSION = YES_AGGRESSIVE;
				CLANG_CXX_LANGUAGE_STANDARD = "gnu++14";
				CLANG_CXX_LIBRARY = "libc++";
				CLANG_ENABLE_MODULES = YES;
				CLANG_ENABLE_OBJC_ARC = YES;
				CLANG_WARN_BLOCK_CAPTURE_AUTORELEASING = YES;
				CLANG_WARN_BOOL_CONVERSION = YES;
				CLANG_WARN_COMMA = YES;
				CLANG_WARN_CONSTANT_CONVERSION = YES;
				CLANG_WARN_DIRECT_OBJC_ISA_USAGE = YES_ERROR;
				CLANG_WARN_DOCUMENTATION_COMMENTS = YES;
				CLANG_WARN_EMPTY_BODY = YES;
				CLANG_WARN_ENUM_CONVERSION = YES;
				CLANG_WARN_INFINITE_RECURSION = YES;
				CLANG_WARN_INT_CONVERSION = YES;
				CLANG_WARN_NON_LITERAL_NULL_CONVERSION = YES;
				CLANG_WARN_OBJC_LITERAL_CONVERSION = YES;
				CLANG_WARN_OBJC_ROOT_CLASS = YES_ERROR;
				CLANG_WARN_RANGE_LOOP_ANALYSIS = YES;
				CLANG_WARN_STRICT_PROTOTYPES = YES;
				CLANG_WARN_SUSPICIOUS_MOVE = YES;
				CLANG_WARN_UNGUARDED_AVAILABILITY = YES_AGGRESSIVE;
				CLANG_WARN_UNREACHABLE_CODE = YES;
				CLANG_WARN__DUPLICATE_METHOD_MATCH = YES;
				CODE_SIGN_IDENTITY = "iPhone Developer";
				COPY_PHASE_STRIP = NO;
				DEBUG_INFORMATION_FORMAT = "dwarf-with-dsym";
				ENABLE_NS_ASSERTIONS = NO;
				ENABLE_STRICT_OBJC_MSGSEND = YES;
				GCC_C_LANGUAGE_STANDARD = gnu11;
				GCC_NO_COMMON_BLOCKS = YES;
				GCC_WARN_64_TO_32_BIT_CONVERSION = YES;
				GCC_WARN_ABOUT_RETURN_TYPE = YES_ERROR;
				GCC_WARN_UNDECLARED_SELECTOR = YES;
				GCC_WARN_UNINITIALIZED_AUTOS = YES_AGGRESSIVE;
				GCC_WARN_UNUSED_FUNCTION = YES;
				GCC_WARN_UNUSED_VARIABLE = YES;
				IPHONEOS_DEPLOYMENT_TARGET = 11.2;
				MTL_ENABLE_DEBUG_INFO = NO;
				SDKROOT = iphoneos;
				SWIFT_OPTIMIZATION_LEVEL = "-Owholemodule";
				VALIDATE_PRODUCT = YES;
			};
			name = Release;
		};
		443F60F11FF582140025FF70 /* Debug */ = {
			isa = XCBuildConfiguration;
			buildSettings = {
				ASSETCATALOG_COMPILER_APPICON_NAME = AppIcon;
				CODE_SIGN_STYLE = Automatic;
				DEVELOPMENT_TEAM = 9GETBPY526;
				INFOPLIST_FILE = CoreMLTutorial/Info.plist;
				LD_RUNPATH_SEARCH_PATHS = "$(inherited) @executable_path/Frameworks";
				PRODUCT_BUNDLE_IDENTIFIER = com.eugene.CoreMLTutorial;
				PRODUCT_NAME = "$(TARGET_NAME)";
				SWIFT_VERSION = 4.0;
				TARGETED_DEVICE_FAMILY = "1,2";
			};
			name = Debug;
		};
		443F60F21FF582140025FF70 /* Release */ = {
			isa = XCBuildConfiguration;
			buildSettings = {
				ASSETCATALOG_COMPILER_APPICON_NAME = AppIcon;
				CODE_SIGN_STYLE = Automatic;
				DEVELOPMENT_TEAM = 9GETBPY526;
				INFOPLIST_FILE = CoreMLTutorial/Info.plist;
				LD_RUNPATH_SEARCH_PATHS = "$(inherited) @executable_path/Frameworks";
				PRODUCT_BUNDLE_IDENTIFIER = com.eugene.CoreMLTutorial;
				PRODUCT_NAME = "$(TARGET_NAME)";
				SWIFT_VERSION = 4.0;
				TARGETED_DEVICE_FAMILY = "1,2";
			};
			name = Release;
		};
/* End XCBuildConfiguration section */

/* Begin XCConfigurationList section */
		443F60D91FF582140025FF70 /* Build configuration list for PBXProject "CoreMLTutorial" */ = {
			isa = XCConfigurationList;
			buildConfigurations = (
				443F60EE1FF582140025FF70 /* Debug */,
				443F60EF1FF582140025FF70 /* Release */,
			);
			defaultConfigurationIsVisible = 0;
			defaultConfigurationName = Release;
		};
		443F60F01FF582140025FF70 /* Build configuration list for PBXNativeTarget "CoreMLTutorial" */ = {
			isa = XCConfigurationList;
			buildConfigurations = (
				443F60F11FF582140025FF70 /* Debug */,
				443F60F21FF582140025FF70 /* Release */,
			);
			defaultConfigurationIsVisible = 0;
			defaultConfigurationName = Release;
		};
/* End XCConfigurationList section */
	};
	rootObject = 443F60D61FF582140025FF70 /* Project object */;
}
